
Microsoft Visual Studio Solution File, Format Version 12.00
# Visual Studio Version 16
VisualStudioVersion = 16.0.29509.3
MinimumVisualStudioVersion = 10.0.40219.1
Project("{FAE04EC0-301F-11D3-BF4B-00C04F79EFBC}") = "Service.Pattern", "Service.Pattern\Service.Pattern.csproj", "{92BA94F5-530D-4A3A-A04C-E8EBEDDB1722}"
EndProject
Project("{FAE04EC0-301F-11D3-BF4B-00C04F79EFBC}") = "Solution.Data", "Solution.Data\Solution.Data.csproj", "{897257A3-3D34-48FF-BFC2-D239A645D88D}"
EndProject
Project("{FAE04EC0-301F-11D3-BF4B-00C04F79EFBC}") = "Solution.Domain", "Solution.Domain\Solution.Domain.csproj", "{D74E1934-C406-4946-B516-B2D25836CAE5}"
EndProject
Project("{FAE04EC0-301F-11D3-BF4B-00C04F79EFBC}") = "Solution.Service", "Solution.Service\Solution.Service.csproj", "{0D31A225-6B42-49A2-99F7-8DEBFC958D54}"
EndProject
Project("{FAE04EC0-301F-11D3-BF4B-00C04F79EFBC}") = "Solution.Web", "Solution.Web\Solution.Web.csproj", "{A763B6CD-6683-4185-9969-0C360DAE9FEB}"
EndProject
Global
	GlobalSection(SolutionConfigurationPlatforms) = preSolution
		Debug|Any CPU = Debug|Any CPU
		Release|Any CPU = Release|Any CPU
	EndGlobalSection
	GlobalSection(ProjectConfigurationPlatforms) = postSolution
		{92BA94F5-530D-4A3A-A04C-E8EBEDDB1722}.Debug|Any CPU.ActiveCfg = Debug|Any CPU
		{92BA94F5-530D-4A3A-A04C-E8EBEDDB1722}.Debug|Any CPU.Build.0 = Debug|Any CPU
		{92BA94F5-530D-4A3A-A04C-E8EBEDDB1722}.Release|Any CPU.ActiveCfg = Release|Any CPU
		{92BA94F5-530D-4A3A-A04C-E8EBEDDB1722}.Release|Any CPU.Build.0 = Release|Any CPU
		{897257A3-3D34-48FF-BFC2-D239A645D88D}.Debug|Any CPU.ActiveCfg = Debug|Any CPU
		{897257A3-3D34-48FF-BFC2-D239A645D88D}.Debug|Any CPU.Build.0 = Debug|Any CPU
		{897257A3-3D34-48FF-BFC2-D239A645D88D}.Release|Any CPU.ActiveCfg = Release|Any CPU
		{897257A3-3D34-48FF-BFC2-D239A645D88D}.Release|Any CPU.Build.0 = Release|Any CPU
		{D74E1934-C406-4946-B516-B2D25836CAE5}.Debug|Any CPU.ActiveCfg = Debug|Any CPU
		{D74E1934-C406-4946-B516-B2D25836CAE5}.Debug|Any CPU.Build.0 = Debug|Any CPU
		{D74E1934-C406-4946-B516-B2D25836CAE5}.Release|Any CPU.ActiveCfg = Release|Any CPU
		{D74E1934-C406-4946-B516-B2D25836CAE5}.Release|Any CPU.Build.0 = Release|Any CPU
		{0D31A225-6B42-49A2-99F7-8DEBFC958D54}.Debug|Any CPU.ActiveCfg = Debug|Any CPU
		{0D31A225-6B42-49A2-99F7-8DEBFC958D54}.Debug|Any CPU.Build.0 = Debug|Any CPU
		{0D31A225-6B42-49A2-99F7-8DEBFC958D54}.Release|Any CPU.ActiveCfg = Release|Any CPU
		{0D31A225-6B42-49A2-99F7-8DEBFC958D54}.Release|Any CPU.Build.0 = Release|Any CPU
		{A763B6CD-6683-4185-9969-0C360DAE9FEB}.Debug|Any CPU.ActiveCfg = Debug|Any CPU
		{A763B6CD-6683-4185-9969-0C360DAE9FEB}.Debug|Any CPU.Build.0 = Debug|Any CPU
		{A763B6CD-6683-4185-9969-0C360DAE9FEB}.Release|Any CPU.ActiveCfg = Release|Any CPU
		{A763B6CD-6683-4185-9969-0C360DAE9FEB}.Release|Any CPU.Build.0 = Release|Any CPU
	EndGlobalSection
	GlobalSection(SolutionProperties) = preSolution
		HideSolutionNode = FALSE
	EndGlobalSection
	GlobalSection(ExtensibilityGlobals) = postSolution
		SolutionGuid = {AD323532-7513-4EB5-A616-92F6C130D502}
	EndGlobalSection
EndGlobal
